# THIS IS AN AUTOGENERATED FILE. DO NOT EDIT THIS FILE DIRECTLY.
# yarn lockfile v1


cloudinary-core@^2.11.3:
  version "2.11.3"
  resolved "https://registry.yarnpkg.com/cloudinary-core/-/cloudinary-core-2.11.3.tgz#1440f61c6280485094aac87021b7e10f746dc69e"
  integrity sha512-ZRnpjSgvx+LbSf+aEz5NKzxDB4Z0436aY/0BSDa90kAHiwAyd84VyEi95I74SE80e15Ri9t5S2xtksTXpzk9Xw==

lodash@^4.17.20:
  version "4.17.20"
  resolved "https://registry.yarnpkg.com/lodash/-/lodash-4.17.20.tgz#b44a9b6297bcb698f1c51a3545a2b3b368d59c52"
  integrity sha512-PlhdFcillOINfeV7Ni6oF1TAEayyZBoZ8bcshTHqOYJYlrqzRK5hagpagky5o4HfCzzd1TRkXPMFq6cKk9rGmA==

typescript@^4.0.5:
  version "4.0.5"
  resolved "https://registry.yarnpkg.com/typescript/-/typescript-4.0.5.tgz#ae9dddfd1069f1cb5beb3ef3b2170dd7c1332389"
  integrity sha512-ywmr/VrTVCmNTJ6iV2LwIrfG1P+lv6luD8sUJs+2eI9NLGigaN+nUQc13iHqisq7bra9lnmUSYqbJvegraBOPQ==
